PODS:
  - Dimelo-iOS (1.9.4)
  - Keys (1.0.1)

DEPENDENCIES:
  - Dimelo-iOS (from `https://github.com/ringcentral/engage-digital-messaging-ios.git`)
  - Keys (from `Pods/CocoaPodsKeys`)

EXTERNAL SOURCES:
  Dimelo-iOS:
    :git: https://github.com/ringcentral/engage-digital-messaging-ios.git
  Keys:
    :path: Pods/CocoaPodsKeys

CHECKOUT OPTIONS:
  Dimelo-iOS:
    :commit: ff1634ba94d94b6778bfc9ca5f13ed25061b9c97
    :git: https://github.com/ringcentral/engage-digital-messaging-ios.git

SPEC CHECKSUMS:
  Dimelo-iOS: 1af58706b2041252db22f943d344655186976d26
  Keys: a576f4c9c1c641ca913a959a9c62ed3f215a8de9

PODFILE CHECKSUM: 64e067272cf005db26e9dd16c126c1d11c3afa8c

COCOAPODS: 1.7.5
